// !$*UTF8*$!
{
	archiveVersion = 1;
	classes = {
	};
	objectVersion = 46;
	objects = {

/* Begin PBXBuildFile section */
		0994BCDCD887DFE74D2A92DD /* Pods_SQLiteMapper.framework in Frameworks */ = {isa = PBXBuildFile; fileRef = 3757E68E9FFF828BEB8FEF8C /* Pods_SQLiteMapper.framework */; };
		80EBB1E71F142736003C82A8 /* AppDelegate.swift in Sources */ = {isa = PBXBuildFile; fileRef = 80EBB1E61F142736003C82A8 /* AppDelegate.swift */; };
		80EBB1E91F142736003C82A8 /* ViewController.swift in Sources */ = {isa = PBXBuildFile; fileRef = 80EBB1E81F142736003C82A8 /* ViewController.swift */; };
		80EBB1EC1F142736003C82A8 /* Main.storyboard in Resources */ = {isa = PBXBuildFile; fileRef = 80EBB1EA1F142736003C82A8 /* Main.storyboard */; };
		80EBB1EE1F142736003C82A8 /* Assets.xcassets in Resources */ = {isa = PBXBuildFile; fileRef = 80EBB1ED1F142736003C82A8 /* Assets.xcassets */; };
		80EBB1F11F142736003C82A8 /* LaunchScreen.storyboard in Resources */ = {isa = PBXBuildFile; fileRef = 80EBB1EF1F142736003C82A8 /* LaunchScreen.storyboard */; };
/* End PBXBuildFile section */

/* Begin PBXFileReference section */
		15A8A896634E244640303A60 /* Pods-SQLiteMapper.debug.xcconfig */ = {isa = PBXFileReference; includeInIndex = 1; lastKnownFileType = text.xcconfig; name = "Pods-SQLiteMapper.debug.xcconfig"; path = "Pods/Target Support Files/Pods-SQLiteMapper/Pods-SQLiteMapper.debug.xcconfig"; sourceTree = "<group>"; };
		3757E68E9FFF828BEB8FEF8C /* Pods_SQLiteMapper.framework */ = {isa = PBXFileReference; explicitFileType = wrapper.framework; includeInIndex = 0; path = Pods_SQLiteMapper.framework; sourceTree = BUILT_PRODUCTS_DIR; };
		80EBB1E31F142736003C82A8 /* SQLiteMapper.app */ = {isa = PBXFileReference; explicitFileType = wrapper.application; includeInIndex = 0; path = SQLiteMapper.app; sourceTree = BUILT_PRODUCTS_DIR; };
		80EBB1E61F142736003C82A8 /* AppDelegate.swift */ = {isa = PBXFileReference; lastKnownFileType = sourcecode.swift; path = AppDelegate.swift; sourceTree = "<group>"; };
		80EBB1E81F142736003C82A8 /* ViewController.swift */ = {isa = PBXFileReference; lastKnownFileType = sourcecode.swift; path = ViewController.swift; sourceTree = "<group>"; };
		80EBB1EB1F142736003C82A8 /* Base */ = {isa = PBXFileReference; lastKnownFileType = file.storyboard; name = Base; path = Base.lproj/Main.storyboard; sourceTree = "<group>"; };
		80EBB1ED1F142736003C82A8 /* Assets.xcassets */ = {isa = PBXFileReference; lastKnownFileType = folder.assetcatalog; path = Assets.xcassets; sourceTree = "<group>"; };
		80EBB1F01F142736003C82A8 /* Base */ = {isa = PBXFileReference; lastKnownFileType = file.storyboard; name = Base; path = Base.lproj/LaunchScreen.storyboard; sourceTree = "<group>"; };
		80EBB1F21F142736003C82A8 /* Info.plist */ = {isa = PBXFileReference; lastKnownFileType = text.plist.xml; path = Info.plist; sourceTree = "<group>"; };
		9F9A37DC56F3D31028329625 /* Pods-SQLiteMapper.release.xcconfig */ = {isa = PBXFileReference; includeInIndex = 1; lastKnownFileType = text.xcconfig; name = "Pods-SQLiteMapper.release.xcconfig"; path = "Pods/Target Support Files/Pods-SQLiteMapper/Pods-SQLiteMapper.release.xcconfig"; sourceTree = "<group>"; };
/* End PBXFileReference section */

/* Begin PBXFrameworksBuildPhase section */
		80EBB1E01F142736003C82A8 /* Frameworks */ = {
			isa = PBXFrameworksBuildPhase;
			buildActionMask = 2147483647;
			files = (
				0994BCDCD887DFE74D2A92DD /* Pods_SQLiteMapper.framework in Frameworks */,
			);
			runOnlyForDeploymentPostprocessing = 0;
		};
/* End PBXFrameworksBuildPhase section */

/* Begin PBXGroup section */
		80EBB1DA1F142736003C82A8 = {
			isa = PBXGroup;
			children = (
				80EBB1E51F142736003C82A8 /* SQLiteMapper */,
				80EBB1E41F142736003C82A8 /* Products */,
				B5BA3E8B1D314C740D3DBCFC /* Pods */,
				F4DFC0DC4D4E0FC0D3929A06 /* Frameworks */,
			);
			sourceTree = "<group>";
		};
		80EBB1E41F142736003C82A8 /* Products */ = {
			isa = PBXGroup;
			children = (
				80EBB1E31F142736003C82A8 /* SQLiteMapper.app */,
			);
			name = Products;
			sourceTree = "<group>";
		};
		80EBB1E51F142736003C82A8 /* SQLiteMapper */ = {
			isa = PBXGroup;
			children = (
				80EBB1E61F142736003C82A8 /* AppDelegate.swift */,
				80EBB1E81F142736003C82A8 /* ViewController.swift */,
				80EBB1EA1F142736003C82A8 /* Main.storyboard */,
				80EBB1ED1F142736003C82A8 /* Assets.xcassets */,
				80EBB1EF1F142736003C82A8 /* LaunchScreen.storyboard */,
				80EBB1F21F142736003C82A8 /* Info.plist */,
			);
			path = SQLiteMapper;
			sourceTree = "<group>";
		};
		B5BA3E8B1D314C740D3DBCFC /* Pods */ = {
			isa = PBXGroup;
			children = (
				15A8A896634E244640303A60 /* Pods-SQLiteMapper.debug.xcconfig */,
				9F9A37DC56F3D31028329625 /* Pods-SQLiteMapper.release.xcconfig */,
			);
			name = Pods;
			sourceTree = "<group>";
		};
		F4DFC0DC4D4E0FC0D3929A06 /* Frameworks */ = {
			isa = PBXGroup;
			children = (
				3757E68E9FFF828BEB8FEF8C /* Pods_SQLiteMapper.framework */,
			);
			name = Frameworks;
			sourceTree = "<group>";
		};
/* End PBXGroup section */

/* Begin PBXNativeTarget section */
		80EBB1E21F142736003C82A8 /* SQLiteMapper */ = {
			isa = PBXNativeTarget;
			buildConfigurationList = 80EBB1F51F142736003C82A8 /* Build configuration list for PBXNativeTarget "SQLiteMapper" */;
			buildPhases = (
				87C5D784A77F333BDDBFD267 /* [CP] Check Pods Manifest.lock */,
				80EBB1DF1F142736003C82A8 /* Sources */,
				80EBB1E01F142736003C82A8 /* Frameworks */,
				80EBB1E11F142736003C82A8 /* Resources */,
				73D6C4EC32BCC8F65EA1EFFB /* [CP] Embed Pods Frameworks */,
				B42E377FAF37571FB5F83021 /* [CP] Copy Pods Resources */,
			);
			buildRules = (
			);
			dependencies = (
			);
			name = SQLiteMapper;
			productName = SQLiteMapper;
			productReference = 80EBB1E31F142736003C82A8 /* SQLiteMapper.app */;
			productType = "com.apple.product-type.application";
		};
/* End PBXNativeTarget section */

/* Begin PBXProject section */
		80EBB1DB1F142736003C82A8 /* Project object */ = {
			isa = PBXProject;
			attributes = {
				LastSwiftUpdateCheck = 0830;
				LastUpgradeCheck = 0830;
				ORGANIZATIONNAME = "Agencia Lamoderna";
				TargetAttributes = {
					80EBB1E21F142736003C82A8 = {
						CreatedOnToolsVersion = 8.3.1;
						DevelopmentTeam = SG4NJ57XDW;
						ProvisioningStyle = Automatic;
					};
				};
			};
			buildConfigurationList = 80EBB1DE1F142736003C82A8 /* Build configuration list for PBXProject "SQLiteMapper" */;
			compatibilityVersion = "Xcode 3.2";
			developmentRegion = English;
			hasScannedForEncodings = 0;
			knownRegions = (
				en,
				Base,
			);
			mainGroup = 80EBB1DA1F142736003C82A8;
			productRefGroup = 80EBB1E41F142736003C82A8 /* Products */;
			projectDirPath = "";
			projectRoot = "";
			targets = (
				80EBB1E21F142736003C82A8 /* SQLiteMapper */,
			);
		};
/* End PBXProject section */

/* Begin PBXResourcesBuildPhase section */
		80EBB1E11F142736003C82A8 /* Resources */ = {
			isa = PBXResourcesBuildPhase;
			buildActionMask = 2147483647;
			files = (
				80EBB1F11F142736003C82A8 /* LaunchScreen.storyboard in Resources */,
				80EBB1EE1F142736003C82A8 /* Assets.xcassets in Resources */,
				80EBB1EC1F142736003C82A8 /* Main.storyboard in Resources */,
			);
			runOnlyForDeploymentPostprocessing = 0;
		};
/* End PBXResourcesBuildPhase section */

/* Begin PBXShellScriptBuildPhase section */
		73D6C4EC32BCC8F65EA1EFFB /* [CP] Embed Pods Frameworks */ = {
			isa = PBXShellScriptBuildPhase;
			buildActionMask = 2147483647;
			files = (
			);
			inputPaths = (
			);
			name = "[CP] Embed Pods Frameworks";
			outputPaths = (
			);
			runOnlyForDeploymentPostprocessing = 0;
			shellPath = /bin/sh;
			shellScript = "\"${SRCROOT}/Pods/Target Support Files/Pods-SQLiteMapper/Pods-SQLiteMapper-frameworks.sh\"\n";
			showEnvVarsInLog = 0;
		};
		87C5D784A77F333BDDBFD267 /* [CP] Check Pods Manifest.lock */ = {
			isa = PBXShellScriptBuildPhase;
			buildActionMask = 2147483647;
			files = (
			);
			inputPaths = (
			);
			name = "[CP] Check Pods Manifest.lock";
			outputPaths = (
			);
			runOnlyForDeploymentPostprocessing = 0;
			shellPath = /bin/sh;
			shellScript = "diff \"${PODS_ROOT}/../Podfile.lock\" \"${PODS_ROOT}/Manifest.lock\" > /dev/null\nif [ $? != 0 ] ; then\n    # print error to STDERR\n    echo \"error: The sandbox is not in sync with the Podfile.lock. Run 'pod install' or update your CocoaPods installation.\" >&2\n    exit 1\nfi\n";
			showEnvVarsInLog = 0;
		};
		B42E377FAF37571FB5F83021 /* [CP] Copy Pods Resources */ = {
			isa = PBXShellScriptBuildPhase;
			buildActionMask = 2147483647;
			files = (
			);
			inputPaths = (
			);
			name = "[CP] Copy Pods Resources";
			outputPaths = (
			);
			runOnlyForDeploymentPostprocessing = 0;
			shellPath = /bin/sh;
			shellScript = "\"${SRCROOT}/Pods/Target Support Files/Pods-SQLiteMapper/Pods-SQLiteMapper-resources.sh\"\n";
			showEnvVarsInLog = 0;
		};
/* End PBXShellScriptBuildPhase section */

/* Begin PBXSourcesBuildPhase section */
		80EBB1DF1F142736003C82A8 /* Sources */ = {
			isa = PBXSourcesBuildPhase;
			buildActionMask = 2147483647;
			files = (
				80EBB1E91F142736003C82A8 /* ViewController.swift in Sources */,
				80EBB1E71F142736003C82A8 /* AppDelegate.swift in Sources */,
			);
			runOnlyForDeploymentPostprocessing = 0;
		};
/* End PBXSourcesBuildPhase section */

/* Begin PBXVariantGroup section */
		80EBB1EA1F142736003C82A8 /* Main.storyboard */ = {
			isa = PBXVariantGroup;
			children = (
				80EBB1EB1F142736003C82A8 /* Base */,
			);
			name = Main.storyboard;
			sourceTree = "<group>";
		};
		80EBB1EF1F142736003C82A8 /* LaunchScreen.storyboard */ = {
			isa = PBXVariantGroup;
			children = (
				80EBB1F01F142736003C82A8 /* Base */,
			);
			name = LaunchScreen.storyboard;
			sourceTree = "<group>";
		};
/* End PBXVariantGroup section */

/* Begin XCBuildConfiguration section */
		80EBB1F31F142736003C82A8 /* Debug */ = {
			isa = XCBuildConfiguration;
			buildSettings = {
				ALWAYS_SEARCH_USER_PATHS = NO;
				CLANG_ANALYZER_NONNULL = YES;
				CLANG_ANALYZER_NUMBER_OBJECT_CONVERSION = YES_AGGRESSIVE;
				CLANG_CXX_LANGUAGE_STANDARD = "gnu++0x";
				CLANG_CXX_LIBRARY = "libc++";
				CLANG_ENABLE_MODULES = YES;
				CLANG_ENABLE_OBJC_ARC = YES;
				CLANG_WARN_BOOL_CONVERSION = YES;
				CLANG_WARN_CONSTANT_CONVERSION = YES;
				CLANG_WARN_DIRECT_OBJC_ISA_USAGE = YES_ERROR;
				CLANG_WARN_DOCUMENTATION_COMMENTS = YES;
				CLANG_WARN_EMPTY_BODY = YES;
				CLANG_WARN_ENUM_CONVERSION = YES;
				CLANG_WARN_INFINITE_RECURSION = YES;
				CLANG_WARN_INT_CONVERSION = YES;
				CLANG_WARN_OBJC_ROOT_CLASS = YES_ERROR;
				CLANG_WARN_SUSPICIOUS_MOVE = YES;
				CLANG_WARN_UNREACHABLE_CODE = YES;
				CLANG_WARN__DUPLICATE_METHOD_MATCH = YES;
				"CODE_SIGN_IDENTITY[sdk=iphoneos*]" = "iPhone Developer";
				COPY_PHASE_STRIP = NO;
				DEBUG_INFORMATION_FORMAT = dwarf;
				ENABLE_STRICT_OBJC_MSGSEND = YES;
				ENABLE_TESTABILITY = YES;
				GCC_C_LANGUAGE_STANDARD = gnu99;
				GCC_DYNAMIC_NO_PIC = NO;
				GCC_NO_COMMON_BLOCKS = YES;
				GCC_OPTIMIZATION_LEVEL = 0;
				GCC_PREPROCESSOR_DEFINITIONS = (
					"DEBUG=1",
					"$(inherited)",
				);
				GCC_WARN_64_TO_32_BIT_CONVERSION = YES;
				GCC_WARN_ABOUT_RETURN_TYPE = YES_ERROR;
				GCC_WARN_UNDECLARED_SELECTOR = YES;
				GCC_WARN_UNINITIALIZED_AUTOS = YES_AGGRESSIVE;
				GCC_WARN_UNUSED_FUNCTION = YES;
				GCC_WARN_UNUSED_VARIABLE = YES;
				IPHONEOS_DEPLOYMENT_TARGET = 10.3;
				MTL_ENABLE_DEBUG_INFO = YES;
				ONLY_ACTIVE_ARCH = YES;
				SDKROOT = iphoneos;
				SWIFT_ACTIVE_COMPILATION_CONDITIONS = DEBUG;
				SWIFT_OPTIMIZATION_LEVEL = "-Onone";
			};
			name = Debug;
		};
		80EBB1F41F142736003C82A8 /* Release */ = {
			isa = XCBuildConfiguration;
			buildSettings = {
				ALWAYS_SEARCH_USER_PATHS = NO;
				CLANG_ANALYZER_NONNULL = YES;
				CLANG_ANALYZER_NUMBER_OBJECT_CONVERSION = YES_AGGRESSIVE;
				CLANG_CXX_LANGUAGE_STANDARD = "gnu++0x";
				CLANG_CXX_LIBRARY = "libc++";
				CLANG_ENABLE_MODULES = YES;
				CLANG_ENABLE_OBJC_ARC = YES;
				CLANG_WARN_BOOL_CONVERSION = YES;
				CLANG_WARN_CONSTANT_CONVERSION = YES;
				CLANG_WARN_DIRECT_OBJC_ISA_USAGE = YES_ERROR;
				CLANG_WARN_DOCUMENTATION_COMMENTS = YES;
				CLANG_WARN_EMPTY_BODY = YES;
				CLANG_WARN_ENUM_CONVERSION = YES;
				CLANG_WARN_INFINITE_RECURSION = YES;
				CLANG_WARN_INT_CONVERSION = YES;
				CLANG_WARN_OBJC_ROOT_CLASS = YES_ERROR;
				CLANG_WARN_SUSPICIOUS_MOVE = YES;
				CLANG_WARN_UNREACHABLE_CODE = YES;
				CLANG_WARN__DUPLICATE_METHOD_MATCH = YES;
				"CODE_SIGN_IDENTITY[sdk=iphoneos*]" = "iPhone Developer";
				COPY_PHASE_STRIP = NO;
				DEBUG_INFORMATION_FORMAT = "dwarf-with-dsym";
				ENABLE_NS_ASSERTIONS = NO;
				ENABLE_STRICT_OBJC_MSGSEND = YES;
				GCC_C_LANGUAGE_STANDARD = gnu99;
				GCC_NO_COMMON_BLOCKS = YES;
				GCC_WARN_64_TO_32_BIT_CONVERSION = YES;
				GCC_WARN_ABOUT_RETURN_TYPE = YES_ERROR;
				GCC_WARN_UNDECLARED_SELECTOR = YES;
				GCC_WARN_UNINITIALIZED_AUTOS = YES_AGGRESSIVE;
				GCC_WARN_UNUSED_FUNCTION = YES;
				GCC_WARN_UNUSED_VARIABLE = YES;
				IPHONEOS_DEPLOYMENT_TARGET = 10.3;
				MTL_ENABLE_DEBUG_INFO = NO;
				SDKROOT = iphoneos;
				SWIFT_OPTIMIZATION_LEVEL = "-Owholemodule";
				VALIDATE_PRODUCT = YES;
			};
			name = Release;
		};
		80EBB1F61F142736003C82A8 /* Debug */ = {
			isa = XCBuildConfiguration;
			baseConfigurationReference = 15A8A896634E244640303A60 /* Pods-SQLiteMapper.debug.xcconfig */;
			buildSettings = {
				ASSETCATALOG_COMPILER_APPICON_NAME = AppIcon;
				DEVELOPMENT_TEAM = SG4NJ57XDW;
				INFOPLIST_FILE = SQLiteMapper/Info.plist;
				LD_RUNPATH_SEARCH_PATHS = "$(inherited) @executable_path/Frameworks";
				PRODUCT_BUNDLE_IDENTIFIER = py.com.agenciamoderna.SQLiteMapper;
				PRODUCT_NAME = "$(TARGET_NAME)";
				SWIFT_VERSION = 3.0;
			};
			name = Debug;
		};
		80EBB1F71F142736003C82A8 /* Release */ = {
			isa = XCBuildConfiguration;
			baseConfigurationReference = 9F9A37DC56F3D31028329625 /* Pods-SQLiteMapper.release.xcconfig */;
			buildSettings = {
				ASSETCATALOG_COMPILER_APPICON_NAME = AppIcon;
				DEVELOPMENT_TEAM = SG4NJ57XDW;
				INFOPLIST_FILE = SQLiteMapper/Info.plist;
				LD_RUNPATH_SEARCH_PATHS = "$(inherited) @executable_path/Frameworks";
				PRODUCT_BUNDLE_IDENTIFIER = py.com.agenciamoderna.SQLiteMapper;
				PRODUCT_NAME = "$(TARGET_NAME)";
				SWIFT_VERSION = 3.0;
			};
			name = Release;
		};
/* End XCBuildConfiguration section */

/* Begin XCConfigurationList section */
		80EBB1DE1F142736003C82A8 /* Build configuration list for PBXProject "SQLiteMapper" */ = {
			isa = XCConfigurationList;
			buildConfigurations = (
				80EBB1F31F142736003C82A8 /* Debug */,
				80EBB1F41F142736003C82A8 /* Release */,
			);
			defaultConfigurationIsVisible = 0;
			defaultConfigurationName = Release;
		};
		80EBB1F51F142736003C82A8 /* Build configuration list for PBXNativeTarget "SQLiteMapper" */ = {
			isa = XCConfigurationList;
			buildConfigurations = (
				80EBB1F61F142736003C82A8 /* Debug */,
				80EBB1F71F142736003C82A8 /* Release */,
			);
			defaultConfigurationIsVisible = 0;
		};
/* End XCConfigurationList section */
	};
	rootObject = 80EBB1DB1F142736003C82A8 /* Project object */;
}
